
Microsoft Visual Studio Solution File, Format Version 12.00
# Visual Studio Version 17
VisualStudioVersion = 17.10.35013.160
MinimumVisualStudioVersion = 10.0.40219.1
Project("{9A19103F-16F7-4668-BE54-9A1E7A4F7556}") = "backend-app", "backend-app.csproj", "{ECDA353F-D49F-4575-8006-0134302DCCF2}"
EndProject
Project("{FAE04EC0-301F-11D3-BF4B-00C04F79EFBC}") = "RespositoryLayer", "..\RespositoryLayer\RespositoryLayer.csproj", "{57E49463-667B-45A2-8BFB-26739F8AB8CD}"
EndProject
Project("{FAE04EC0-301F-11D3-BF4B-00C04F79EFBC}") = "Model", "..\Model\Model.csproj", "{1770F11C-B188-4E62-AF82-F80B32CD29D3}"
EndProject
Project("{FAE04EC0-301F-11D3-BF4B-00C04F79EFBC}") = "BusinessLayer", "..\BusinessLayer\BusinessLayer.csproj", "{FBB4111A-C2AF-43C2-A1F5-66F7AEA74E54}"
EndProject
Global
	GlobalSection(SolutionConfigurationPlatforms) = preSolution
		Debug|Any CPU = Debug|Any CPU
		Release|Any CPU = Release|Any CPU
	EndGlobalSection
	GlobalSection(ProjectConfigurationPlatforms) = postSolution
		{ECDA353F-D49F-4575-8006-0134302DCCF2}.Debug|Any CPU.ActiveCfg = Debug|Any CPU
		{ECDA353F-D49F-4575-8006-0134302DCCF2}.Debug|Any CPU.Build.0 = Debug|Any CPU
		{ECDA353F-D49F-4575-8006-0134302DCCF2}.Release|Any CPU.ActiveCfg = Release|Any CPU
		{ECDA353F-D49F-4575-8006-0134302DCCF2}.Release|Any CPU.Build.0 = Release|Any CPU
		{57E49463-667B-45A2-8BFB-26739F8AB8CD}.Debug|Any CPU.ActiveCfg = Debug|Any CPU
		{57E49463-667B-45A2-8BFB-26739F8AB8CD}.Debug|Any CPU.Build.0 = Debug|Any CPU
		{57E49463-667B-45A2-8BFB-26739F8AB8CD}.Release|Any CPU.ActiveCfg = Release|Any CPU
		{57E49463-667B-45A2-8BFB-26739F8AB8CD}.Release|Any CPU.Build.0 = Release|Any CPU
		{1770F11C-B188-4E62-AF82-F80B32CD29D3}.Debug|Any CPU.ActiveCfg = Debug|Any CPU
		{1770F11C-B188-4E62-AF82-F80B32CD29D3}.Debug|Any CPU.Build.0 = Debug|Any CPU
		{1770F11C-B188-4E62-AF82-F80B32CD29D3}.Release|Any CPU.ActiveCfg = Release|Any CPU
		{1770F11C-B188-4E62-AF82-F80B32CD29D3}.Release|Any CPU.Build.0 = Release|Any CPU
		{FBB4111A-C2AF-43C2-A1F5-66F7AEA74E54}.Debug|Any CPU.ActiveCfg = Debug|Any CPU
		{FBB4111A-C2AF-43C2-A1F5-66F7AEA74E54}.Debug|Any CPU.Build.0 = Debug|Any CPU
		{FBB4111A-C2AF-43C2-A1F5-66F7AEA74E54}.Release|Any CPU.ActiveCfg = Release|Any CPU
		{FBB4111A-C2AF-43C2-A1F5-66F7AEA74E54}.Release|Any CPU.Build.0 = Release|Any CPU
	EndGlobalSection
	GlobalSection(SolutionProperties) = preSolution
		HideSolutionNode = FALSE
	EndGlobalSection
	GlobalSection(ExtensibilityGlobals) = postSolution
		SolutionGuid = {FAB73A0D-6751-4676-A758-38A996128F3A}
	EndGlobalSection
EndGlobal
